
Microsoft Visual Studio Solution File, Format Version 12.00
# Visual Studio Version 17
VisualStudioVersion = 17.10.34916.146
MinimumVisualStudioVersion = 10.0.40219.1
Project("{9A19103F-16F7-4668-BE54-9A1E7A4F7556}") = "GestionHotel.Apis", "GestionHotel.Apis\GestionHotel.Apis.csproj", "{EA09418B-0014-43B0-9EFC-26319A763F72}"
EndProject
Project("{9A19103F-16F7-4668-BE54-9A1E7A4F7556}") = "GestionHotel.Externals.PaiementGateways", "GestionHotel.Externals.PaiementGateways\GestionHotel.Externals.PaiementGateways.csproj", "{12E15045-F70C-49A3-8F75-E6A68C3F90FB}"
EndProject
Project("{FAE04EC0-301F-11D3-BF4B-00C04F79EFBC}") = "GestionHotel.Domain", "GestionHotel.Domain\GestionHotel.Domain.csproj", "{33FA738D-0973-4E2D-8BFC-5B769FA547E0}"
EndProject
Project("{FAE04EC0-301F-11D3-BF4B-00C04F79EFBC}") = "GestionHotel.Application", "GestionHotel.Application\GestionHotel.Application.csproj", "{CDCEAE84-A601-4FA7-BA8B-CD67713BC02C}"
	ProjectSection(ProjectDependencies) = postProject
		{33FA738D-0973-4E2D-8BFC-5B769FA547E0} = {33FA738D-0973-4E2D-8BFC-5B769FA547E0}
	EndProjectSection
EndProject
Project("{FAE04EC0-301F-11D3-BF4B-00C04F79EFBC}") = "GestionHotel.Infrastructure", "GestionHotel.Infrastructure\GestionHotel.Infrastructure.csproj", "{F4E04A71-D5B7-45DF-810C-08A5FA490EFE}"
EndProject
Project("{FAE04EC0-301F-11D3-BF4B-00C04F79EFBC}") = "GestionHotel.Tests", "GestionHotel.Tests\GestionHotel.Tests.csproj", "{9FD25E86-6F16-4725-BBFD-0D157F0BCF1B}"
EndProject
Project("{FAE04EC0-301F-11D3-BF4B-00C04F79EFBC}") = "GestionHotel.Tests.Integration", "GestionHotel.Tests.Integration\GestionHotel.Tests.Integration.csproj", "{EA5D8253-8113-45CB-BA18-90F2C2CBB875}"
EndProject
Global
	GlobalSection(SolutionConfigurationPlatforms) = preSolution
		Debug|Any CPU = Debug|Any CPU
		Debug|x64 = Debug|x64
		Debug|x86 = Debug|x86
		Release|Any CPU = Release|Any CPU
		Release|x64 = Release|x64
		Release|x86 = Release|x86
	EndGlobalSection
	GlobalSection(ProjectConfigurationPlatforms) = postSolution
		{EA09418B-0014-43B0-9EFC-26319A763F72}.Debug|Any CPU.ActiveCfg = Debug|Any CPU
		{EA09418B-0014-43B0-9EFC-26319A763F72}.Debug|Any CPU.Build.0 = Debug|Any CPU
		{EA09418B-0014-43B0-9EFC-26319A763F72}.Debug|x64.ActiveCfg = Debug|Any CPU
		{EA09418B-0014-43B0-9EFC-26319A763F72}.Debug|x64.Build.0 = Debug|Any CPU
		{EA09418B-0014-43B0-9EFC-26319A763F72}.Debug|x86.ActiveCfg = Debug|Any CPU
		{EA09418B-0014-43B0-9EFC-26319A763F72}.Debug|x86.Build.0 = Debug|Any CPU
		{EA09418B-0014-43B0-9EFC-26319A763F72}.Release|Any CPU.ActiveCfg = Release|Any CPU
		{EA09418B-0014-43B0-9EFC-26319A763F72}.Release|Any CPU.Build.0 = Release|Any CPU
		{EA09418B-0014-43B0-9EFC-26319A763F72}.Release|x64.ActiveCfg = Release|Any CPU
		{EA09418B-0014-43B0-9EFC-26319A763F72}.Release|x64.Build.0 = Release|Any CPU
		{EA09418B-0014-43B0-9EFC-26319A763F72}.Release|x86.ActiveCfg = Release|Any CPU
		{EA09418B-0014-43B0-9EFC-26319A763F72}.Release|x86.Build.0 = Release|Any CPU
		{12E15045-F70C-49A3-8F75-E6A68C3F90FB}.Debug|Any CPU.ActiveCfg = Debug|Any CPU
		{12E15045-F70C-49A3-8F75-E6A68C3F90FB}.Debug|Any CPU.Build.0 = Debug|Any CPU
		{12E15045-F70C-49A3-8F75-E6A68C3F90FB}.Debug|x64.ActiveCfg = Debug|Any CPU
		{12E15045-F70C-49A3-8F75-E6A68C3F90FB}.Debug|x64.Build.0 = Debug|Any CPU
		{12E15045-F70C-49A3-8F75-E6A68C3F90FB}.Debug|x86.ActiveCfg = Debug|Any CPU
		{12E15045-F70C-49A3-8F75-E6A68C3F90FB}.Debug|x86.Build.0 = Debug|Any CPU
		{12E15045-F70C-49A3-8F75-E6A68C3F90FB}.Release|Any CPU.ActiveCfg = Release|Any CPU
		{12E15045-F70C-49A3-8F75-E6A68C3F90FB}.Release|Any CPU.Build.0 = Release|Any CPU
		{12E15045-F70C-49A3-8F75-E6A68C3F90FB}.Release|x64.ActiveCfg = Release|Any CPU
		{12E15045-F70C-49A3-8F75-E6A68C3F90FB}.Release|x64.Build.0 = Release|Any CPU
		{12E15045-F70C-49A3-8F75-E6A68C3F90FB}.Release|x86.ActiveCfg = Release|Any CPU
		{12E15045-F70C-49A3-8F75-E6A68C3F90FB}.Release|x86.Build.0 = Release|Any CPU
		{33FA738D-0973-4E2D-8BFC-5B769FA547E0}.Debug|Any CPU.ActiveCfg = Debug|Any CPU
		{33FA738D-0973-4E2D-8BFC-5B769FA547E0}.Debug|Any CPU.Build.0 = Debug|Any CPU
		{33FA738D-0973-4E2D-8BFC-5B769FA547E0}.Debug|x64.ActiveCfg = Debug|Any CPU
		{33FA738D-0973-4E2D-8BFC-5B769FA547E0}.Debug|x64.Build.0 = Debug|Any CPU
		{33FA738D-0973-4E2D-8BFC-5B769FA547E0}.Debug|x86.ActiveCfg = Debug|Any CPU
		{33FA738D-0973-4E2D-8BFC-5B769FA547E0}.Debug|x86.Build.0 = Debug|Any CPU
		{33FA738D-0973-4E2D-8BFC-5B769FA547E0}.Release|Any CPU.ActiveCfg = Release|Any CPU
		{33FA738D-0973-4E2D-8BFC-5B769FA547E0}.Release|Any CPU.Build.0 = Release|Any CPU
		{33FA738D-0973-4E2D-8BFC-5B769FA547E0}.Release|x64.ActiveCfg = Release|Any CPU
		{33FA738D-0973-4E2D-8BFC-5B769FA547E0}.Release|x64.Build.0 = Release|Any CPU
		{33FA738D-0973-4E2D-8BFC-5B769FA547E0}.Release|x86.ActiveCfg = Release|Any CPU
		{33FA738D-0973-4E2D-8BFC-5B769FA547E0}.Release|x86.Build.0 = Release|Any CPU
		{CDCEAE84-A601-4FA7-BA8B-CD67713BC02C}.Debug|Any CPU.ActiveCfg = Debug|Any CPU
		{CDCEAE84-A601-4FA7-BA8B-CD67713BC02C}.Debug|Any CPU.Build.0 = Debug|Any CPU
		{CDCEAE84-A601-4FA7-BA8B-CD67713BC02C}.Debug|x64.ActiveCfg = Debug|Any CPU
		{CDCEAE84-A601-4FA7-BA8B-CD67713BC02C}.Debug|x64.Build.0 = Debug|Any CPU
		{CDCEAE84-A601-4FA7-BA8B-CD67713BC02C}.Debug|x86.ActiveCfg = Debug|Any CPU
		{CDCEAE84-A601-4FA7-BA8B-CD67713BC02C}.Debug|x86.Build.0 = Debug|Any CPU
		{CDCEAE84-A601-4FA7-BA8B-CD67713BC02C}.Release|Any CPU.ActiveCfg = Release|Any CPU
		{CDCEAE84-A601-4FA7-BA8B-CD67713BC02C}.Release|Any CPU.Build.0 = Release|Any CPU
		{CDCEAE84-A601-4FA7-BA8B-CD67713BC02C}.Release|x64.ActiveCfg = Release|Any CPU
		{CDCEAE84-A601-4FA7-BA8B-CD67713BC02C}.Release|x64.Build.0 = Release|Any CPU
		{CDCEAE84-A601-4FA7-BA8B-CD67713BC02C}.Release|x86.ActiveCfg = Release|Any CPU
		{CDCEAE84-A601-4FA7-BA8B-CD67713BC02C}.Release|x86.Build.0 = Release|Any CPU
		{F4E04A71-D5B7-45DF-810C-08A5FA490EFE}.Debug|Any CPU.ActiveCfg = Debug|Any CPU
		{F4E04A71-D5B7-45DF-810C-08A5FA490EFE}.Debug|Any CPU.Build.0 = Debug|Any CPU
		{F4E04A71-D5B7-45DF-810C-08A5FA490EFE}.Debug|x64.ActiveCfg = Debug|Any CPU
		{F4E04A71-D5B7-45DF-810C-08A5FA490EFE}.Debug|x64.Build.0 = Debug|Any CPU
		{F4E04A71-D5B7-45DF-810C-08A5FA490EFE}.Debug|x86.ActiveCfg = Debug|Any CPU
		{F4E04A71-D5B7-45DF-810C-08A5FA490EFE}.Debug|x86.Build.0 = Debug|Any CPU
		{F4E04A71-D5B7-45DF-810C-08A5FA490EFE}.Release|Any CPU.ActiveCfg = Release|Any CPU
		{F4E04A71-D5B7-45DF-810C-08A5FA490EFE}.Release|Any CPU.Build.0 = Release|Any CPU
		{F4E04A71-D5B7-45DF-810C-08A5FA490EFE}.Release|x64.ActiveCfg = Release|Any CPU
		{F4E04A71-D5B7-45DF-810C-08A5FA490EFE}.Release|x64.Build.0 = Release|Any CPU
		{F4E04A71-D5B7-45DF-810C-08A5FA490EFE}.Release|x86.ActiveCfg = Release|Any CPU
		{F4E04A71-D5B7-45DF-810C-08A5FA490EFE}.Release|x86.Build.0 = Release|Any CPU
		{9FD25E86-6F16-4725-BBFD-0D157F0BCF1B}.Debug|Any CPU.ActiveCfg = Debug|Any CPU
		{9FD25E86-6F16-4725-BBFD-0D157F0BCF1B}.Debug|Any CPU.Build.0 = Debug|Any CPU
		{9FD25E86-6F16-4725-BBFD-0D157F0BCF1B}.Debug|x64.ActiveCfg = Debug|Any CPU
		{9FD25E86-6F16-4725-BBFD-0D157F0BCF1B}.Debug|x64.Build.0 = Debug|Any CPU
		{9FD25E86-6F16-4725-BBFD-0D157F0BCF1B}.Debug|x86.ActiveCfg = Debug|Any CPU
		{9FD25E86-6F16-4725-BBFD-0D157F0BCF1B}.Debug|x86.Build.0 = Debug|Any CPU
		{9FD25E86-6F16-4725-BBFD-0D157F0BCF1B}.Release|Any CPU.ActiveCfg = Release|Any CPU
		{9FD25E86-6F16-4725-BBFD-0D157F0BCF1B}.Release|Any CPU.Build.0 = Release|Any CPU
		{9FD25E86-6F16-4725-BBFD-0D157F0BCF1B}.Release|x64.ActiveCfg = Release|Any CPU
		{9FD25E86-6F16-4725-BBFD-0D157F0BCF1B}.Release|x64.Build.0 = Release|Any CPU
		{9FD25E86-6F16-4725-BBFD-0D157F0BCF1B}.Release|x86.ActiveCfg = Release|Any CPU
		{9FD25E86-6F16-4725-BBFD-0D157F0BCF1B}.Release|x86.Build.0 = Release|Any CPU
		{EA5D8253-8113-45CB-BA18-90F2C2CBB875}.Debug|Any CPU.ActiveCfg = Debug|Any CPU
		{EA5D8253-8113-45CB-BA18-90F2C2CBB875}.Debug|Any CPU.Build.0 = Debug|Any CPU
		{EA5D8253-8113-45CB-BA18-90F2C2CBB875}.Debug|x64.ActiveCfg = Debug|Any CPU
		{EA5D8253-8113-45CB-BA18-90F2C2CBB875}.Debug|x64.Build.0 = Debug|Any CPU
		{EA5D8253-8113-45CB-BA18-90F2C2CBB875}.Debug|x86.ActiveCfg = Debug|Any CPU
		{EA5D8253-8113-45CB-BA18-90F2C2CBB875}.Debug|x86.Build.0 = Debug|Any CPU
		{EA5D8253-8113-45CB-BA18-90F2C2CBB875}.Release|Any CPU.ActiveCfg = Release|Any CPU
		{EA5D8253-8113-45CB-BA18-90F2C2CBB875}.Release|Any CPU.Build.0 = Release|Any CPU
		{EA5D8253-8113-45CB-BA18-90F2C2CBB875}.Release|x64.ActiveCfg = Release|Any CPU
		{EA5D8253-8113-45CB-BA18-90F2C2CBB875}.Release|x64.Build.0 = Release|Any CPU
		{EA5D8253-8113-45CB-BA18-90F2C2CBB875}.Release|x86.ActiveCfg = Release|Any CPU
		{EA5D8253-8113-45CB-BA18-90F2C2CBB875}.Release|x86.Build.0 = Release|Any CPU
	EndGlobalSection
	GlobalSection(SolutionProperties) = preSolution
		HideSolutionNode = FALSE
	EndGlobalSection
	GlobalSection(ExtensibilityGlobals) = postSolution
		SolutionGuid = {E0CF93C1-7F4D-433F-BC9D-A0DB3DE9A03A}
	EndGlobalSection
EndGlobal
